
Microsoft Visual Studio Solution File, Format Version 12.00
# Visual Studio 14
VisualStudioVersion = 14.0.24720.0
MinimumVisualStudioVersion = 10.0.40219.1
Project("{FAE04EC0-301F-11D3-BF4B-00C04F79EFBC}") = "CBListener", "CBListener\CBListener.csproj", "{52A4C2A2-8A03-4233-916F-3D45D22AE04D}"
EndProject
Project("{FAE04EC0-301F-11D3-BF4B-00C04F79EFBC}") = "CBClient", "CBClient\CBClient.csproj", "{8519F238-33E5-4D04-A2DC-C372A9435D43}"
EndProject
Project("{FAE04EC0-301F-11D3-BF4B-00C04F79EFBC}") = "Kiolyn.Desktop", "Kiolyn.Desktop\Kiolyn.Desktop.csproj", "{E9B582D7-7BB8-4364-97A2-9E4CB1BA0F98}"
EndProject
Global
	GlobalSection(SolutionConfigurationPlatforms) = preSolution
		Debug|Any CPU = Debug|Any CPU
		Debug|x64 = Debug|x64
		Debug|x86 = Debug|x86
		Release|Any CPU = Release|Any CPU
		Release|x64 = Release|x64
		Release|x86 = Release|x86
	EndGlobalSection
	GlobalSection(ProjectConfigurationPlatforms) = postSolution
		{52A4C2A2-8A03-4233-916F-3D45D22AE04D}.Debug|Any CPU.ActiveCfg = Debug|Any CPU
		{52A4C2A2-8A03-4233-916F-3D45D22AE04D}.Debug|Any CPU.Build.0 = Debug|Any CPU
		{52A4C2A2-8A03-4233-916F-3D45D22AE04D}.Debug|x64.ActiveCfg = Debug|Any CPU
		{52A4C2A2-8A03-4233-916F-3D45D22AE04D}.Debug|x64.Build.0 = Debug|Any CPU
		{52A4C2A2-8A03-4233-916F-3D45D22AE04D}.Debug|x86.ActiveCfg = Debug|Any CPU
		{52A4C2A2-8A03-4233-916F-3D45D22AE04D}.Debug|x86.Build.0 = Debug|Any CPU
		{52A4C2A2-8A03-4233-916F-3D45D22AE04D}.Release|Any CPU.ActiveCfg = Release|Any CPU
		{52A4C2A2-8A03-4233-916F-3D45D22AE04D}.Release|Any CPU.Build.0 = Release|Any CPU
		{52A4C2A2-8A03-4233-916F-3D45D22AE04D}.Release|x64.ActiveCfg = Release|Any CPU
		{52A4C2A2-8A03-4233-916F-3D45D22AE04D}.Release|x64.Build.0 = Release|Any CPU
		{52A4C2A2-8A03-4233-916F-3D45D22AE04D}.Release|x86.ActiveCfg = Release|Any CPU
		{52A4C2A2-8A03-4233-916F-3D45D22AE04D}.Release|x86.Build.0 = Release|Any CPU
		{8519F238-33E5-4D04-A2DC-C372A9435D43}.Debug|Any CPU.ActiveCfg = Debug|Any CPU
		{8519F238-33E5-4D04-A2DC-C372A9435D43}.Debug|Any CPU.Build.0 = Debug|Any CPU
		{8519F238-33E5-4D04-A2DC-C372A9435D43}.Debug|x64.ActiveCfg = Debug|Any CPU
		{8519F238-33E5-4D04-A2DC-C372A9435D43}.Debug|x64.Build.0 = Debug|Any CPU
		{8519F238-33E5-4D04-A2DC-C372A9435D43}.Debug|x86.ActiveCfg = Debug|Any CPU
		{8519F238-33E5-4D04-A2DC-C372A9435D43}.Debug|x86.Build.0 = Debug|Any CPU
		{8519F238-33E5-4D04-A2DC-C372A9435D43}.Release|Any CPU.ActiveCfg = Release|Any CPU
		{8519F238-33E5-4D04-A2DC-C372A9435D43}.Release|Any CPU.Build.0 = Release|Any CPU
		{8519F238-33E5-4D04-A2DC-C372A9435D43}.Release|x64.ActiveCfg = Release|Any CPU
		{8519F238-33E5-4D04-A2DC-C372A9435D43}.Release|x64.Build.0 = Release|Any CPU
		{8519F238-33E5-4D04-A2DC-C372A9435D43}.Release|x86.ActiveCfg = Release|Any CPU
		{8519F238-33E5-4D04-A2DC-C372A9435D43}.Release|x86.Build.0 = Release|Any CPU
		{E9B582D7-7BB8-4364-97A2-9E4CB1BA0F98}.Debug|Any CPU.ActiveCfg = Debug|Any CPU
		{E9B582D7-7BB8-4364-97A2-9E4CB1BA0F98}.Debug|Any CPU.Build.0 = Debug|Any CPU
		{E9B582D7-7BB8-4364-97A2-9E4CB1BA0F98}.Debug|x64.ActiveCfg = Debug|Any CPU
		{E9B582D7-7BB8-4364-97A2-9E4CB1BA0F98}.Debug|x64.Build.0 = Debug|Any CPU
		{E9B582D7-7BB8-4364-97A2-9E4CB1BA0F98}.Debug|x86.ActiveCfg = Debug|Any CPU
		{E9B582D7-7BB8-4364-97A2-9E4CB1BA0F98}.Debug|x86.Build.0 = Debug|Any CPU
		{E9B582D7-7BB8-4364-97A2-9E4CB1BA0F98}.Release|Any CPU.ActiveCfg = Release|Any CPU
		{E9B582D7-7BB8-4364-97A2-9E4CB1BA0F98}.Release|Any CPU.Build.0 = Release|Any CPU
		{E9B582D7-7BB8-4364-97A2-9E4CB1BA0F98}.Release|x64.ActiveCfg = Release|Any CPU
		{E9B582D7-7BB8-4364-97A2-9E4CB1BA0F98}.Release|x64.Build.0 = Release|Any CPU
		{E9B582D7-7BB8-4364-97A2-9E4CB1BA0F98}.Release|x86.ActiveCfg = Release|Any CPU
		{E9B582D7-7BB8-4364-97A2-9E4CB1BA0F98}.Release|x86.Build.0 = Release|Any CPU
	EndGlobalSection
	GlobalSection(SolutionProperties) = preSolution
		HideSolutionNode = FALSE
	EndGlobalSection
EndGlobal
